// !$*UTF8*$!
{
	archiveVersion = 1;
	classes = {
	};
	objectVersion = 51;
	objects = {

/* Begin PBXBuildFile section */
		02C4D0F5FA43353341162527 /* Pods_CaseTests.framework in Frameworks */ = {isa = PBXBuildFile; fileRef = F1506A24EA9392B043C82E80 /* Pods_CaseTests.framework */; };
		16F44E5D8F7938AD1AD9CE3E /* Pods_Case.framework in Frameworks */ = {isa = PBXBuildFile; fileRef = C5C15E2185DE5C088E980AD6 /* Pods_Case.framework */; };
		5CB6D6A6B00EF80DC28C1CD5 /* Pods_Case_CaseUITests.framework in Frameworks */ = {isa = PBXBuildFile; fileRef = A84965E359603092FB6E2D85 /* Pods_Case_CaseUITests.framework */; };
		EA6F012D253227E000523F76 /* UpcomingMovieResponse.swift in Sources */ = {isa = PBXBuildFile; fileRef = EA6F012C253227E000523F76 /* UpcomingMovieResponse.swift */; };
		EA6F014125331E4900523F76 /* BelongsToCollection.swift in Sources */ = {isa = PBXBuildFile; fileRef = EA6F013B25331E4800523F76 /* BelongsToCollection.swift */; };
		EA6F014225331E4900523F76 /* Genres.swift in Sources */ = {isa = PBXBuildFile; fileRef = EA6F013C25331E4800523F76 /* Genres.swift */; };
		EA6F014325331E4900523F76 /* MovieDetailResponse.swift in Sources */ = {isa = PBXBuildFile; fileRef = EA6F013D25331E4800523F76 /* MovieDetailResponse.swift */; };
		EA6F014425331E4900523F76 /* ProductionCompanies.swift in Sources */ = {isa = PBXBuildFile; fileRef = EA6F013E25331E4800523F76 /* ProductionCompanies.swift */; };
		EA6F014525331E4900523F76 /* ProductionCountries.swift in Sources */ = {isa = PBXBuildFile; fileRef = EA6F013F25331E4800523F76 /* ProductionCountries.swift */; };
		EA6F014625331E4900523F76 /* Spoken_languages.swift in Sources */ = {isa = PBXBuildFile; fileRef = EA6F014025331E4900523F76 /* Spoken_languages.swift */; };
		EA6F016225331FF900523F76 /* Json4Swift_Base.swift in Sources */ = {isa = PBXBuildFile; fileRef = EA6F016125331FF900523F76 /* Json4Swift_Base.swift */; };
		EA70DA8F252EFFD8007668EA /* MovieSliderView.swift in Sources */ = {isa = PBXBuildFile; fileRef = EA70DA8E252EFFD8007668EA /* MovieSliderView.swift */; };
		EA70DB32252F0B20007668EA /* MovieCellModel.swift in Sources */ = {isa = PBXBuildFile; fileRef = EA70DB31252F0B20007668EA /* MovieCellModel.swift */; };
		EA70DB37252F0B7C007668EA /* MovieSliderModel.swift in Sources */ = {isa = PBXBuildFile; fileRef = EA70DB36252F0B7C007668EA /* MovieSliderModel.swift */; };
		EA73761C25321D2E00FE0740 /* NowPlayingMovieResponse.swift in Sources */ = {isa = PBXBuildFile; fileRef = EA73761925321D2D00FE0740 /* NowPlayingMovieResponse.swift */; };
		EA73761D25321D2E00FE0740 /* Dates.swift in Sources */ = {isa = PBXBuildFile; fileRef = EA73761A25321D2E00FE0740 /* Dates.swift */; };
		EA73761E25321D2E00FE0740 /* Results.swift in Sources */ = {isa = PBXBuildFile; fileRef = EA73761B25321D2E00FE0740 /* Results.swift */; };
		EA73E3B5252D0921000D5A28 /* UIViewController+Extensions.swift in Sources */ = {isa = PBXBuildFile; fileRef = EA73E3B4252D0921000D5A28 /* UIViewController+Extensions.swift */; };
		EA73E3CA252D0A72000D5A28 /* ListViewModel.swift in Sources */ = {isa = PBXBuildFile; fileRef = EA73E3C9252D0A72000D5A28 /* ListViewModel.swift */; };
		EA73E3D2252D0A9F000D5A28 /* MovieDetailViewController.swift in Sources */ = {isa = PBXBuildFile; fileRef = EA73E3D1252D0A9F000D5A28 /* MovieDetailViewController.swift */; };
		EA73E3D7252D0AA6000D5A28 /* MovieDetailViewModel.swift in Sources */ = {isa = PBXBuildFile; fileRef = EA73E3D6252D0AA6000D5A28 /* MovieDetailViewModel.swift */; };
		EA73E3DC252D0AAE000D5A28 /* SearchViewModel.swift in Sources */ = {isa = PBXBuildFile; fileRef = EA73E3DB252D0AAE000D5A28 /* SearchViewModel.swift */; };
		EA824BAF252D12E100822471 /* InteractivePopRecognizer.swift in Sources */ = {isa = PBXBuildFile; fileRef = EA824BAE252D12E100822471 /* InteractivePopRecognizer.swift */; };
		EA91FE3F252D07E1009249A6 /* AppDelegate.swift in Sources */ = {isa = PBXBuildFile; fileRef = EA91FE3E252D07E1009249A6 /* AppDelegate.swift */; };
		EA91FE41252D07E1009249A6 /* SceneDelegate.swift in Sources */ = {isa = PBXBuildFile; fileRef = EA91FE40252D07E1009249A6 /* SceneDelegate.swift */; };
		EA91FE43252D07E1009249A6 /* ListViewController.swift in Sources */ = {isa = PBXBuildFile; fileRef = EA91FE42252D07E1009249A6 /* ListViewController.swift */; };
		EA91FE48252D07E3009249A6 /* Assets.xcassets in Resources */ = {isa = PBXBuildFile; fileRef = EA91FE47252D07E3009249A6 /* Assets.xcassets */; };
		EA91FE56252D07E3009249A6 /* CaseTests.swift in Sources */ = {isa = PBXBuildFile; fileRef = EA91FE55252D07E3009249A6 /* CaseTests.swift */; };
		EA91FE61252D07E3009249A6 /* CaseUITests.swift in Sources */ = {isa = PBXBuildFile; fileRef = EA91FE60252D07E3009249A6 /* CaseUITests.swift */; };
		EA9A6E0A252D1EE4003B1D2F /* MovieTableViewCell.swift in Sources */ = {isa = PBXBuildFile; fileRef = EA9A6E09252D1EE4003B1D2F /* MovieTableViewCell.swift */; };
		EAB7FB422532100F008371B2 /* IMDBView.swift in Sources */ = {isa = PBXBuildFile; fileRef = EAB7FB412532100F008371B2 /* IMDBView.swift */; };
		EAB7FB4B25321AB6008371B2 /* Service.swift in Sources */ = {isa = PBXBuildFile; fileRef = EAB7FB4A25321AB6008371B2 /* Service.swift */; };
		EAE8886B2531EAE0008E7532 /* SimiliarMoviesView.swift in Sources */ = {isa = PBXBuildFile; fileRef = EAE8886A2531EAE0008E7532 /* SimiliarMoviesView.swift */; };
		EAE888712531EC1F008E7532 /* SimilarMovieModel.swift in Sources */ = {isa = PBXBuildFile; fileRef = EAE888702531EC1F008E7532 /* SimilarMovieModel.swift */; };
		EAE888822531F345008E7532 /* SimilarMovieCollectionViewCell.swift in Sources */ = {isa = PBXBuildFile; fileRef = EAE888802531F345008E7532 /* SimilarMovieCollectionViewCell.swift */; };
/* End PBXBuildFile section */

/* Begin PBXContainerItemProxy section */
		EA91FE52252D07E3009249A6 /* PBXContainerItemProxy */ = {
			isa = PBXContainerItemProxy;
			containerPortal = EA91FE33252D07E1009249A6 /* Project object */;
			proxyType = 1;
			remoteGlobalIDString = EA91FE3A252D07E1009249A6;
			remoteInfo = Case;
		};
		EA91FE5D252D07E3009249A6 /* PBXContainerItemProxy */ = {
			isa = PBXContainerItemProxy;
			containerPortal = EA91FE33252D07E1009249A6 /* Project object */;
			proxyType = 1;
			remoteGlobalIDString = EA91FE3A252D07E1009249A6;
			remoteInfo = Case;
		};
/* End PBXContainerItemProxy section */

/* Begin PBXFileReference section */
		11AFF208938EB84459A6DE8D /* Pods-Case-CaseUITests.debug.xcconfig */ = {isa = PBXFileReference; includeInIndex = 1; lastKnownFileType = text.xcconfig; name = "Pods-Case-CaseUITests.debug.xcconfig"; path = "Target Support Files/Pods-Case-CaseUITests/Pods-Case-CaseUITests.debug.xcconfig"; sourceTree = "<group>"; };
		2786C81D2CA71C11ADE26BE8 /* Pods-Case.debug.xcconfig */ = {isa = PBXFileReference; includeInIndex = 1; lastKnownFileType = text.xcconfig; name = "Pods-Case.debug.xcconfig"; path = "Target Support Files/Pods-Case/Pods-Case.debug.xcconfig"; sourceTree = "<group>"; };
		36CE58CF0AC20038DC0EADE3 /* Pods-Case-CaseUITests.release.xcconfig */ = {isa = PBXFileReference; includeInIndex = 1; lastKnownFileType = text.xcconfig; name = "Pods-Case-CaseUITests.release.xcconfig"; path = "Target Support Files/Pods-Case-CaseUITests/Pods-Case-CaseUITests.release.xcconfig"; sourceTree = "<group>"; };
		A84965E359603092FB6E2D85 /* Pods_Case_CaseUITests.framework */ = {isa = PBXFileReference; explicitFileType = wrapper.framework; includeInIndex = 0; path = Pods_Case_CaseUITests.framework; sourceTree = BUILT_PRODUCTS_DIR; };
		C5C15E2185DE5C088E980AD6 /* Pods_Case.framework */ = {isa = PBXFileReference; explicitFileType = wrapper.framework; includeInIndex = 0; path = Pods_Case.framework; sourceTree = BUILT_PRODUCTS_DIR; };
		EA6F012C253227E000523F76 /* UpcomingMovieResponse.swift */ = {isa = PBXFileReference; fileEncoding = 4; lastKnownFileType = sourcecode.swift; path = UpcomingMovieResponse.swift; sourceTree = "<group>"; };
		EA6F013B25331E4800523F76 /* BelongsToCollection.swift */ = {isa = PBXFileReference; fileEncoding = 4; lastKnownFileType = sourcecode.swift; path = BelongsToCollection.swift; sourceTree = "<group>"; };
		EA6F013C25331E4800523F76 /* Genres.swift */ = {isa = PBXFileReference; fileEncoding = 4; lastKnownFileType = sourcecode.swift; path = Genres.swift; sourceTree = "<group>"; };
		EA6F013D25331E4800523F76 /* MovieDetailResponse.swift */ = {isa = PBXFileReference; fileEncoding = 4; lastKnownFileType = sourcecode.swift; path = MovieDetailResponse.swift; sourceTree = "<group>"; };
		EA6F013E25331E4800523F76 /* ProductionCompanies.swift */ = {isa = PBXFileReference; fileEncoding = 4; lastKnownFileType = sourcecode.swift; path = ProductionCompanies.swift; sourceTree = "<group>"; };
		EA6F013F25331E4800523F76 /* ProductionCountries.swift */ = {isa = PBXFileReference; fileEncoding = 4; lastKnownFileType = sourcecode.swift; path = ProductionCountries.swift; sourceTree = "<group>"; };
		EA6F014025331E4900523F76 /* Spoken_languages.swift */ = {isa = PBXFileReference; fileEncoding = 4; lastKnownFileType = sourcecode.swift; path = Spoken_languages.swift; sourceTree = "<group>"; };
		EA6F016125331FF900523F76 /* Json4Swift_Base.swift */ = {isa = PBXFileReference; fileEncoding = 4; lastKnownFileType = sourcecode.swift; path = Json4Swift_Base.swift; sourceTree = "<group>"; };
		EA70DA8E252EFFD8007668EA /* MovieSliderView.swift */ = {isa = PBXFileReference; lastKnownFileType = sourcecode.swift; path = MovieSliderView.swift; sourceTree = "<group>"; };
		EA70DB31252F0B20007668EA /* MovieCellModel.swift */ = {isa = PBXFileReference; lastKnownFileType = sourcecode.swift; path = MovieCellModel.swift; sourceTree = "<group>"; };
		EA70DB36252F0B7C007668EA /* MovieSliderModel.swift */ = {isa = PBXFileReference; lastKnownFileType = sourcecode.swift; path = MovieSliderModel.swift; sourceTree = "<group>"; };
		EA73761925321D2D00FE0740 /* NowPlayingMovieResponse.swift */ = {isa = PBXFileReference; fileEncoding = 4; lastKnownFileType = sourcecode.swift; path = NowPlayingMovieResponse.swift; sourceTree = "<group>"; };
		EA73761A25321D2E00FE0740 /* Dates.swift */ = {isa = PBXFileReference; fileEncoding = 4; lastKnownFileType = sourcecode.swift; path = Dates.swift; sourceTree = "<group>"; };
		EA73761B25321D2E00FE0740 /* Results.swift */ = {isa = PBXFileReference; fileEncoding = 4; lastKnownFileType = sourcecode.swift; path = Results.swift; sourceTree = "<group>"; };
		EA73E3B4252D0921000D5A28 /* UIViewController+Extensions.swift */ = {isa = PBXFileReference; lastKnownFileType = sourcecode.swift; path = "UIViewController+Extensions.swift"; sourceTree = "<group>"; };
		EA73E3C9252D0A72000D5A28 /* ListViewModel.swift */ = {isa = PBXFileReference; lastKnownFileType = sourcecode.swift; path = ListViewModel.swift; sourceTree = "<group>"; };
		EA73E3D1252D0A9F000D5A28 /* MovieDetailViewController.swift */ = {isa = PBXFileReference; lastKnownFileType = sourcecode.swift; path = MovieDetailViewController.swift; sourceTree = "<group>"; };
		EA73E3D6252D0AA6000D5A28 /* MovieDetailViewModel.swift */ = {isa = PBXFileReference; lastKnownFileType = sourcecode.swift; path = MovieDetailViewModel.swift; sourceTree = "<group>"; };
		EA73E3DB252D0AAE000D5A28 /* SearchViewModel.swift */ = {isa = PBXFileReference; lastKnownFileType = sourcecode.swift; path = SearchViewModel.swift; sourceTree = "<group>"; };
		EA824BAE252D12E100822471 /* InteractivePopRecognizer.swift */ = {isa = PBXFileReference; lastKnownFileType = sourcecode.swift; path = InteractivePopRecognizer.swift; sourceTree = "<group>"; };
		EA91FE3B252D07E1009249A6 /* Case.app */ = {isa = PBXFileReference; explicitFileType = wrapper.application; includeInIndex = 0; path = Case.app; sourceTree = BUILT_PRODUCTS_DIR; };
		EA91FE3E252D07E1009249A6 /* AppDelegate.swift */ = {isa = PBXFileReference; lastKnownFileType = sourcecode.swift; path = AppDelegate.swift; sourceTree = "<group>"; };
		EA91FE40252D07E1009249A6 /* SceneDelegate.swift */ = {isa = PBXFileReference; lastKnownFileType = sourcecode.swift; path = SceneDelegate.swift; sourceTree = "<group>"; };
		EA91FE42252D07E1009249A6 /* ListViewController.swift */ = {isa = PBXFileReference; lastKnownFileType = sourcecode.swift; path = ListViewController.swift; sourceTree = "<group>"; };
		EA91FE47252D07E3009249A6 /* Assets.xcassets */ = {isa = PBXFileReference; lastKnownFileType = folder.assetcatalog; path = Assets.xcassets; sourceTree = "<group>"; };
		EA91FE4C252D07E3009249A6 /* Info.plist */ = {isa = PBXFileReference; lastKnownFileType = text.plist.xml; path = Info.plist; sourceTree = "<group>"; };
		EA91FE51252D07E3009249A6 /* CaseTests.xctest */ = {isa = PBXFileReference; explicitFileType = wrapper.cfbundle; includeInIndex = 0; path = CaseTests.xctest; sourceTree = BUILT_PRODUCTS_DIR; };
		EA91FE55252D07E3009249A6 /* CaseTests.swift */ = {isa = PBXFileReference; lastKnownFileType = sourcecode.swift; path = CaseTests.swift; sourceTree = "<group>"; };
		EA91FE57252D07E3009249A6 /* Info.plist */ = {isa = PBXFileReference; lastKnownFileType = text.plist.xml; path = Info.plist; sourceTree = "<group>"; };
		EA91FE5C252D07E3009249A6 /* CaseUITests.xctest */ = {isa = PBXFileReference; explicitFileType = wrapper.cfbundle; includeInIndex = 0; path = CaseUITests.xctest; sourceTree = BUILT_PRODUCTS_DIR; };
		EA91FE60252D07E3009249A6 /* CaseUITests.swift */ = {isa = PBXFileReference; lastKnownFileType = sourcecode.swift; path = CaseUITests.swift; sourceTree = "<group>"; };
		EA91FE62252D07E3009249A6 /* Info.plist */ = {isa = PBXFileReference; lastKnownFileType = text.plist.xml; path = Info.plist; sourceTree = "<group>"; };
		EA9A6E09252D1EE4003B1D2F /* MovieTableViewCell.swift */ = {isa = PBXFileReference; lastKnownFileType = sourcecode.swift; path = MovieTableViewCell.swift; sourceTree = "<group>"; };
		EAB7FB412532100F008371B2 /* IMDBView.swift */ = {isa = PBXFileReference; lastKnownFileType = sourcecode.swift; path = IMDBView.swift; sourceTree = "<group>"; };
		EAB7FB4A25321AB6008371B2 /* Service.swift */ = {isa = PBXFileReference; lastKnownFileType = sourcecode.swift; path = Service.swift; sourceTree = "<group>"; };
		EAE8886A2531EAE0008E7532 /* SimiliarMoviesView.swift */ = {isa = PBXFileReference; lastKnownFileType = sourcecode.swift; path = SimiliarMoviesView.swift; sourceTree = "<group>"; };
		EAE888702531EC1F008E7532 /* SimilarMovieModel.swift */ = {isa = PBXFileReference; lastKnownFileType = sourcecode.swift; path = SimilarMovieModel.swift; sourceTree = "<group>"; };
		EAE888802531F345008E7532 /* SimilarMovieCollectionViewCell.swift */ = {isa = PBXFileReference; lastKnownFileType = sourcecode.swift; path = SimilarMovieCollectionViewCell.swift; sourceTree = "<group>"; };
		EBF072DE840D5D9E18696BCA /* Pods-CaseTests.release.xcconfig */ = {isa = PBXFileReference; includeInIndex = 1; lastKnownFileType = text.xcconfig; name = "Pods-CaseTests.release.xcconfig"; path = "Target Support Files/Pods-CaseTests/Pods-CaseTests.release.xcconfig"; sourceTree = "<group>"; };
		F1506A24EA9392B043C82E80 /* Pods_CaseTests.framework */ = {isa = PBXFileReference; explicitFileType = wrapper.framework; includeInIndex = 0; path = Pods_CaseTests.framework; sourceTree = BUILT_PRODUCTS_DIR; };
		F3713ACA19B2EC400DB8C3F4 /* Pods-Case.release.xcconfig */ = {isa = PBXFileReference; includeInIndex = 1; lastKnownFileType = text.xcconfig; name = "Pods-Case.release.xcconfig"; path = "Target Support Files/Pods-Case/Pods-Case.release.xcconfig"; sourceTree = "<group>"; };
		FDC1194C7CEEF8736C05E7F6 /* Pods-CaseTests.debug.xcconfig */ = {isa = PBXFileReference; includeInIndex = 1; lastKnownFileType = text.xcconfig; name = "Pods-CaseTests.debug.xcconfig"; path = "Target Support Files/Pods-CaseTests/Pods-CaseTests.debug.xcconfig"; sourceTree = "<group>"; };
/* End PBXFileReference section */

/* Begin PBXFrameworksBuildPhase section */
		EA91FE38252D07E1009249A6 /* Frameworks */ = {
			isa = PBXFrameworksBuildPhase;
			buildActionMask = 2147483647;
			files = (
				16F44E5D8F7938AD1AD9CE3E /* Pods_Case.framework in Frameworks */,
			);
			runOnlyForDeploymentPostprocessing = 0;
		};
		EA91FE4E252D07E3009249A6 /* Frameworks */ = {
			isa = PBXFrameworksBuildPhase;
			buildActionMask = 2147483647;
			files = (
				02C4D0F5FA43353341162527 /* Pods_CaseTests.framework in Frameworks */,
			);
			runOnlyForDeploymentPostprocessing = 0;
		};
		EA91FE59252D07E3009249A6 /* Frameworks */ = {
			isa = PBXFrameworksBuildPhase;
			buildActionMask = 2147483647;
			files = (
				5CB6D6A6B00EF80DC28C1CD5 /* Pods_Case_CaseUITests.framework in Frameworks */,
			);
			runOnlyForDeploymentPostprocessing = 0;
		};
/* End PBXFrameworksBuildPhase section */

/* Begin PBXGroup section */
		90563454D2A19835869D0BA8 /* Frameworks */ = {
			isa = PBXGroup;
			children = (
				C5C15E2185DE5C088E980AD6 /* Pods_Case.framework */,
				A84965E359603092FB6E2D85 /* Pods_Case_CaseUITests.framework */,
				F1506A24EA9392B043C82E80 /* Pods_CaseTests.framework */,
			);
			name = Frameworks;
			sourceTree = "<group>";
		};
		EA47443A252F4C530068319F /* ViewController */ = {
			isa = PBXGroup;
			children = (
				EA73E3D1252D0A9F000D5A28 /* MovieDetailViewController.swift */,
			);
			path = ViewController;
			sourceTree = "<group>";
		};
		EA47443B252F4C570068319F /* ViewModel */ = {
			isa = PBXGroup;
			children = (
				EA73E3D6252D0AA6000D5A28 /* MovieDetailViewModel.swift */,
			);
			path = ViewModel;
			sourceTree = "<group>";
		};
		EA47443C252F4C5D0068319F /* View */ = {
			isa = PBXGroup;
			children = (
				EAE8886A2531EAE0008E7532 /* SimiliarMoviesView.swift */,
				EAE888802531F345008E7532 /* SimilarMovieCollectionViewCell.swift */,
				EAB7FB412532100F008371B2 /* IMDBView.swift */,
			);
			path = View;
			sourceTree = "<group>";
		};
		EA70DA96252F0816007668EA /* Model */ = {
			isa = PBXGroup;
			children = (
				EA6F012C253227E000523F76 /* UpcomingMovieResponse.swift */,
				EA73761925321D2D00FE0740 /* NowPlayingMovieResponse.swift */,
				EA73761A25321D2E00FE0740 /* Dates.swift */,
				EA73761B25321D2E00FE0740 /* Results.swift */,
				EA70DB31252F0B20007668EA /* MovieCellModel.swift */,
				EA70DB36252F0B7C007668EA /* MovieSliderModel.swift */,
			);
			path = Model;
			sourceTree = "<group>";
		};
		EA70DA98252F081E007668EA /* ViewController */ = {
			isa = PBXGroup;
			children = (
				EA91FE42252D07E1009249A6 /* ListViewController.swift */,
			);
			path = ViewController;
			sourceTree = "<group>";
		};
		EA70DA99252F0825007668EA /* ViewModel */ = {
			isa = PBXGroup;
			children = (
				EA73E3C9252D0A72000D5A28 /* ListViewModel.swift */,
			);
			path = ViewModel;
			sourceTree = "<group>";
		};
		EA70DA9A252F082C007668EA /* View */ = {
			isa = PBXGroup;
			children = (
				EA9A6E09252D1EE4003B1D2F /* MovieTableViewCell.swift */,
				EA70DA8E252EFFD8007668EA /* MovieSliderView.swift */,
			);
			path = View;
			sourceTree = "<group>";
		};
		EA7376252532210800FE0740 /* Service */ = {
			isa = PBXGroup;
			children = (
				EAB7FB4A25321AB6008371B2 /* Service.swift */,
			);
			path = Service;
			sourceTree = "<group>";
		};
		EA73E3B9252D0923000D5A28 /* Extensions */ = {
			isa = PBXGroup;
			children = (
				EA73E3B4252D0921000D5A28 /* UIViewController+Extensions.swift */,
			);
			path = Extensions;
			sourceTree = "<group>";
		};
		EA73E3BD252D098D000D5A28 /* App */ = {
			isa = PBXGroup;
			children = (
				EA91FE3E252D07E1009249A6 /* AppDelegate.swift */,
				EA91FE40252D07E1009249A6 /* SceneDelegate.swift */,
				EA91FE47252D07E3009249A6 /* Assets.xcassets */,
				EA91FE4C252D07E3009249A6 /* Info.plist */,
			);
			path = App;
			sourceTree = "<group>";
		};
		EA73E3C1252D09D3000D5A28 /* Modules */ = {
			isa = PBXGroup;
			children = (
				EA73E3C2252D09E0000D5A28 /* List */,
				EA73E3C4252D0A08000D5A28 /* Search */,
				EA73E3C3252D09EE000D5A28 /* MovieDetail */,
			);
			path = Modules;
			sourceTree = "<group>";
		};
		EA73E3C2252D09E0000D5A28 /* List */ = {
			isa = PBXGroup;
			children = (
				EA70DA96252F0816007668EA /* Model */,
				EA70DA9A252F082C007668EA /* View */,
				EA70DA99252F0825007668EA /* ViewModel */,
				EA70DA98252F081E007668EA /* ViewController */,
			);
			path = List;
			sourceTree = "<group>";
		};
		EA73E3C3252D09EE000D5A28 /* MovieDetail */ = {
			isa = PBXGroup;
			children = (
				EAE8886F2531EC16008E7532 /* Model */,
				EA47443C252F4C5D0068319F /* View */,
				EA47443B252F4C570068319F /* ViewModel */,
				EA47443A252F4C530068319F /* ViewController */,
			);
			path = MovieDetail;
			sourceTree = "<group>";
		};
		EA73E3C4252D0A08000D5A28 /* Search */ = {
			isa = PBXGroup;
			children = (
				EA73E3DB252D0AAE000D5A28 /* SearchViewModel.swift */,
			);
			path = Search;
			sourceTree = "<group>";
		};
		EA824BAD252D12C700822471 /* Helper */ = {
			isa = PBXGroup;
			children = (
				EA824BAE252D12E100822471 /* InteractivePopRecognizer.swift */,
			);
			path = Helper;
			sourceTree = "<group>";
		};
		EA91FE32252D07E1009249A6 = {
			isa = PBXGroup;
			children = (
				EA91FE3D252D07E1009249A6 /* Case */,
				EA91FE54252D07E3009249A6 /* CaseTests */,
				EA91FE5F252D07E3009249A6 /* CaseUITests */,
				EA91FE3C252D07E1009249A6 /* Products */,
				F83C2F2A3CA7ABBF1DF629EC /* Pods */,
				90563454D2A19835869D0BA8 /* Frameworks */,
			);
			sourceTree = "<group>";
		};
		EA91FE3C252D07E1009249A6 /* Products */ = {
			isa = PBXGroup;
			children = (
				EA91FE3B252D07E1009249A6 /* Case.app */,
				EA91FE51252D07E3009249A6 /* CaseTests.xctest */,
				EA91FE5C252D07E3009249A6 /* CaseUITests.xctest */,
			);
			name = Products;
			sourceTree = "<group>";
		};
		EA91FE3D252D07E1009249A6 /* Case */ = {
			isa = PBXGroup;
			children = (
				EA73E3BD252D098D000D5A28 /* App */,
				EA73E3C1252D09D3000D5A28 /* Modules */,
				EA7376252532210800FE0740 /* Service */,
				EA73E3B9252D0923000D5A28 /* Extensions */,
				EA824BAD252D12C700822471 /* Helper */,
			);
			path = Case;
			sourceTree = "<group>";
		};
		EA91FE54252D07E3009249A6 /* CaseTests */ = {
			isa = PBXGroup;
			children = (
				EA91FE55252D07E3009249A6 /* CaseTests.swift */,
				EA91FE57252D07E3009249A6 /* Info.plist */,
			);
			path = CaseTests;
			sourceTree = "<group>";
		};
		EA91FE5F252D07E3009249A6 /* CaseUITests */ = {
			isa = PBXGroup;
			children = (
				EA91FE60252D07E3009249A6 /* CaseUITests.swift */,
				EA91FE62252D07E3009249A6 /* Info.plist */,
			);
			path = CaseUITests;
			sourceTree = "<group>";
		};
		EAE8886F2531EC16008E7532 /* Model */ = {
			isa = PBXGroup;
			children = (
				EA6F016125331FF900523F76 /* Json4Swift_Base.swift */,
				EA6F013B25331E4800523F76 /* BelongsToCollection.swift */,
				EA6F013C25331E4800523F76 /* Genres.swift */,
				EA6F013D25331E4800523F76 /* MovieDetailResponse.swift */,
				EA6F013E25331E4800523F76 /* ProductionCompanies.swift */,
				EA6F013F25331E4800523F76 /* ProductionCountries.swift */,
				EA6F014025331E4900523F76 /* Spoken_languages.swift */,
				EAE888702531EC1F008E7532 /* SimilarMovieModel.swift */,
			);
			path = Model;
			sourceTree = "<group>";
		};
		F83C2F2A3CA7ABBF1DF629EC /* Pods */ = {
			isa = PBXGroup;
			children = (
				2786C81D2CA71C11ADE26BE8 /* Pods-Case.debug.xcconfig */,
				F3713ACA19B2EC400DB8C3F4 /* Pods-Case.release.xcconfig */,
				11AFF208938EB84459A6DE8D /* Pods-Case-CaseUITests.debug.xcconfig */,
				36CE58CF0AC20038DC0EADE3 /* Pods-Case-CaseUITests.release.xcconfig */,
				FDC1194C7CEEF8736C05E7F6 /* Pods-CaseTests.debug.xcconfig */,
				EBF072DE840D5D9E18696BCA /* Pods-CaseTests.release.xcconfig */,
			);
			path = Pods;
			sourceTree = "<group>";
		};
/* End PBXGroup section */

/* Begin PBXNativeTarget section */
		EA91FE3A252D07E1009249A6 /* Case */ = {
			isa = PBXNativeTarget;
			buildConfigurationList = EA91FE65252D07E4009249A6 /* Build configuration list for PBXNativeTarget "Case" */;
			buildPhases = (
				017E5D51F91858DCFA15E8E3 /* [CP] Check Pods Manifest.lock */,
				EA91FE37252D07E1009249A6 /* Sources */,
				EA91FE38252D07E1009249A6 /* Frameworks */,
				EA91FE39252D07E1009249A6 /* Resources */,
				4EF233AEC3E121C5B05CA83A /* [CP] Embed Pods Frameworks */,
			);
			buildRules = (
			);
			dependencies = (
			);
			name = Case;
			productName = Case;
			productReference = EA91FE3B252D07E1009249A6 /* Case.app */;
			productType = "com.apple.product-type.application";
		};
		EA91FE50252D07E3009249A6 /* CaseTests */ = {
			isa = PBXNativeTarget;
			buildConfigurationList = EA91FE68252D07E4009249A6 /* Build configuration list for PBXNativeTarget "CaseTests" */;
			buildPhases = (
				36F5B5585A37F920D804B4DB /* [CP] Check Pods Manifest.lock */,
				EA91FE4D252D07E3009249A6 /* Sources */,
				EA91FE4E252D07E3009249A6 /* Frameworks */,
				EA91FE4F252D07E3009249A6 /* Resources */,
			);
			buildRules = (
			);
			dependencies = (
				EA91FE53252D07E3009249A6 /* PBXTargetDependency */,
			);
			name = CaseTests;
			productName = CaseTests;
			productReference = EA91FE51252D07E3009249A6 /* CaseTests.xctest */;
			productType = "com.apple.product-type.bundle.unit-test";
		};
		EA91FE5B252D07E3009249A6 /* CaseUITests */ = {
			isa = PBXNativeTarget;
			buildConfigurationList = EA91FE6B252D07E4009249A6 /* Build configuration list for PBXNativeTarget "CaseUITests" */;
			buildPhases = (
				022891BD393C898DCB627521 /* [CP] Check Pods Manifest.lock */,
				EA91FE58252D07E3009249A6 /* Sources */,
				EA91FE59252D07E3009249A6 /* Frameworks */,
				EA91FE5A252D07E3009249A6 /* Resources */,
				C9A0BDB4FB64C84E1EF6EBF6 /* [CP] Embed Pods Frameworks */,
			);
			buildRules = (
			);
			dependencies = (
				EA91FE5E252D07E3009249A6 /* PBXTargetDependency */,
			);
			name = CaseUITests;
			productName = CaseUITests;
			productReference = EA91FE5C252D07E3009249A6 /* CaseUITests.xctest */;
			productType = "com.apple.product-type.bundle.ui-testing";
		};
/* End PBXNativeTarget section */

/* Begin PBXProject section */
		EA91FE33252D07E1009249A6 /* Project object */ = {
			isa = PBXProject;
			attributes = {
				LastSwiftUpdateCheck = 1200;
				LastUpgradeCheck = 1200;
				TargetAttributes = {
					EA91FE3A252D07E1009249A6 = {
						CreatedOnToolsVersion = 12.0.1;
					};
					EA91FE50252D07E3009249A6 = {
						CreatedOnToolsVersion = 12.0.1;
						TestTargetID = EA91FE3A252D07E1009249A6;
					};
					EA91FE5B252D07E3009249A6 = {
						CreatedOnToolsVersion = 12.0.1;
						TestTargetID = EA91FE3A252D07E1009249A6;
					};
				};
			};
			buildConfigurationList = EA91FE36252D07E1009249A6 /* Build configuration list for PBXProject "Case" */;
			compatibilityVersion = "Xcode 9.3";
			developmentRegion = en;
			hasScannedForEncodings = 0;
			knownRegions = (
				en,
				Base,
			);
			mainGroup = EA91FE32252D07E1009249A6;
			productRefGroup = EA91FE3C252D07E1009249A6 /* Products */;
			projectDirPath = "";
			projectRoot = "";
			targets = (
				EA91FE3A252D07E1009249A6 /* Case */,
				EA91FE50252D07E3009249A6 /* CaseTests */,
				EA91FE5B252D07E3009249A6 /* CaseUITests */,
			);
		};
/* End PBXProject section */

/* Begin PBXResourcesBuildPhase section */
		EA91FE39252D07E1009249A6 /* Resources */ = {
			isa = PBXResourcesBuildPhase;
			buildActionMask = 2147483647;
			files = (
				EA91FE48252D07E3009249A6 /* Assets.xcassets in Resources */,
			);
			runOnlyForDeploymentPostprocessing = 0;
		};
		EA91FE4F252D07E3009249A6 /* Resources */ = {
			isa = PBXResourcesBuildPhase;
			buildActionMask = 2147483647;
			files = (
			);
			runOnlyForDeploymentPostprocessing = 0;
		};
		EA91FE5A252D07E3009249A6 /* Resources */ = {
			isa = PBXResourcesBuildPhase;
			buildActionMask = 2147483647;
			files = (
			);
			runOnlyForDeploymentPostprocessing = 0;
		};
/* End PBXResourcesBuildPhase section */

/* Begin PBXShellScriptBuildPhase section */
		017E5D51F91858DCFA15E8E3 /* [CP] Check Pods Manifest.lock */ = {
			isa = PBXShellScriptBuildPhase;
			buildActionMask = 2147483647;
			files = (
			);
			inputFileListPaths = (
			);
			inputPaths = (
				"${PODS_PODFILE_DIR_PATH}/Podfile.lock",
				"${PODS_ROOT}/Manifest.lock",
			);
			name = "[CP] Check Pods Manifest.lock";
			outputFileListPaths = (
			);
			outputPaths = (
				"$(DERIVED_FILE_DIR)/Pods-Case-checkManifestLockResult.txt",
			);
			runOnlyForDeploymentPostprocessing = 0;
			shellPath = /bin/sh;
			shellScript = "diff \"${PODS_PODFILE_DIR_PATH}/Podfile.lock\" \"${PODS_ROOT}/Manifest.lock\" > /dev/null\nif [ $? != 0 ] ; then\n    # print error to STDERR\n    echo \"error: The sandbox is not in sync with the Podfile.lock. Run 'pod install' or update your CocoaPods installation.\" >&2\n    exit 1\nfi\n# This output is used by Xcode 'outputs' to avoid re-running this script phase.\necho \"SUCCESS\" > \"${SCRIPT_OUTPUT_FILE_0}\"\n";
			showEnvVarsInLog = 0;
		};
		022891BD393C898DCB627521 /* [CP] Check Pods Manifest.lock */ = {
			isa = PBXShellScriptBuildPhase;
			buildActionMask = 2147483647;
			files = (
			);
			inputFileListPaths = (
			);
			inputPaths = (
				"${PODS_PODFILE_DIR_PATH}/Podfile.lock",
				"${PODS_ROOT}/Manifest.lock",
			);
			name = "[CP] Check Pods Manifest.lock";
			outputFileListPaths = (
			);
			outputPaths = (
				"$(DERIVED_FILE_DIR)/Pods-Case-CaseUITests-checkManifestLockResult.txt",
			);
			runOnlyForDeploymentPostprocessing = 0;
			shellPath = /bin/sh;
			shellScript = "diff \"${PODS_PODFILE_DIR_PATH}/Podfile.lock\" \"${PODS_ROOT}/Manifest.lock\" > /dev/null\nif [ $? != 0 ] ; then\n    # print error to STDERR\n    echo \"error: The sandbox is not in sync with the Podfile.lock. Run 'pod install' or update your CocoaPods installation.\" >&2\n    exit 1\nfi\n# This output is used by Xcode 'outputs' to avoid re-running this script phase.\necho \"SUCCESS\" > \"${SCRIPT_OUTPUT_FILE_0}\"\n";
			showEnvVarsInLog = 0;
		};
		36F5B5585A37F920D804B4DB /* [CP] Check Pods Manifest.lock */ = {
			isa = PBXShellScriptBuildPhase;
			buildActionMask = 2147483647;
			files = (
			);
			inputFileListPaths = (
			);
			inputPaths = (
				"${PODS_PODFILE_DIR_PATH}/Podfile.lock",
				"${PODS_ROOT}/Manifest.lock",
			);
			name = "[CP] Check Pods Manifest.lock";
			outputFileListPaths = (
			);
			outputPaths = (
				"$(DERIVED_FILE_DIR)/Pods-CaseTests-checkManifestLockResult.txt",
			);
			runOnlyForDeploymentPostprocessing = 0;
			shellPath = /bin/sh;
			shellScript = "diff \"${PODS_PODFILE_DIR_PATH}/Podfile.lock\" \"${PODS_ROOT}/Manifest.lock\" > /dev/null\nif [ $? != 0 ] ; then\n    # print error to STDERR\n    echo \"error: The sandbox is not in sync with the Podfile.lock. Run 'pod install' or update your CocoaPods installation.\" >&2\n    exit 1\nfi\n# This output is used by Xcode 'outputs' to avoid re-running this script phase.\necho \"SUCCESS\" > \"${SCRIPT_OUTPUT_FILE_0}\"\n";
			showEnvVarsInLog = 0;
		};
		4EF233AEC3E121C5B05CA83A /* [CP] Embed Pods Frameworks */ = {
			isa = PBXShellScriptBuildPhase;
			buildActionMask = 2147483647;
			files = (
			);
			inputFileListPaths = (
				"${PODS_ROOT}/Target Support Files/Pods-Case/Pods-Case-frameworks-${CONFIGURATION}-input-files.xcfilelist",
			);
			name = "[CP] Embed Pods Frameworks";
			outputFileListPaths = (
				"${PODS_ROOT}/Target Support Files/Pods-Case/Pods-Case-frameworks-${CONFIGURATION}-output-files.xcfilelist",
			);
			runOnlyForDeploymentPostprocessing = 0;
			shellPath = /bin/sh;
			shellScript = "\"${PODS_ROOT}/Target Support Files/Pods-Case/Pods-Case-frameworks.sh\"\n";
			showEnvVarsInLog = 0;
		};
		C9A0BDB4FB64C84E1EF6EBF6 /* [CP] Embed Pods Frameworks */ = {
			isa = PBXShellScriptBuildPhase;
			buildActionMask = 2147483647;
			files = (
			);
			inputFileListPaths = (
				"${PODS_ROOT}/Target Support Files/Pods-Case-CaseUITests/Pods-Case-CaseUITests-frameworks-${CONFIGURATION}-input-files.xcfilelist",
			);
			name = "[CP] Embed Pods Frameworks";
			outputFileListPaths = (
				"${PODS_ROOT}/Target Support Files/Pods-Case-CaseUITests/Pods-Case-CaseUITests-frameworks-${CONFIGURATION}-output-files.xcfilelist",
			);
			runOnlyForDeploymentPostprocessing = 0;
			shellPath = /bin/sh;
			shellScript = "\"${PODS_ROOT}/Target Support Files/Pods-Case-CaseUITests/Pods-Case-CaseUITests-frameworks.sh\"\n";
			showEnvVarsInLog = 0;
		};
/* End PBXShellScriptBuildPhase section */

/* Begin PBXSourcesBuildPhase section */
		EA91FE37252D07E1009249A6 /* Sources */ = {
			isa = PBXSourcesBuildPhase;
			buildActionMask = 2147483647;
			files = (
				EA9A6E0A252D1EE4003B1D2F /* MovieTableViewCell.swift in Sources */,
				EA73E3CA252D0A72000D5A28 /* ListViewModel.swift in Sources */,
				EA824BAF252D12E100822471 /* InteractivePopRecognizer.swift in Sources */,
				EA6F014225331E4900523F76 /* Genres.swift in Sources */,
				EA91FE43252D07E1009249A6 /* ListViewController.swift in Sources */,
				EA73E3DC252D0AAE000D5A28 /* SearchViewModel.swift in Sources */,
				EAB7FB4B25321AB6008371B2 /* Service.swift in Sources */,
				EA6F014625331E4900523F76 /* Spoken_languages.swift in Sources */,
				EA91FE3F252D07E1009249A6 /* AppDelegate.swift in Sources */,
				EA6F014425331E4900523F76 /* ProductionCompanies.swift in Sources */,
				EA6F014325331E4900523F76 /* MovieDetailResponse.swift in Sources */,
				EA91FE41252D07E1009249A6 /* SceneDelegate.swift in Sources */,
				EAE888822531F345008E7532 /* SimilarMovieCollectionViewCell.swift in Sources */,
				EAE8886B2531EAE0008E7532 /* SimiliarMoviesView.swift in Sources */,
				EA73E3D2252D0A9F000D5A28 /* MovieDetailViewController.swift in Sources */,
				EA70DB37252F0B7C007668EA /* MovieSliderModel.swift in Sources */,
				EA73761C25321D2E00FE0740 /* NowPlayingMovieResponse.swift in Sources */,
				EAB7FB422532100F008371B2 /* IMDBView.swift in Sources */,
				EA70DB32252F0B20007668EA /* MovieCellModel.swift in Sources */,
				EA6F012D253227E000523F76 /* UpcomingMovieResponse.swift in Sources */,
				EA6F014125331E4900523F76 /* BelongsToCollection.swift in Sources */,
				EA73E3D7252D0AA6000D5A28 /* MovieDetailViewModel.swift in Sources */,
				EA6F016225331FF900523F76 /* Json4Swift_Base.swift in Sources */,
				EAE888712531EC1F008E7532 /* SimilarMovieModel.swift in Sources */,
				EA6F014525331E4900523F76 /* ProductionCountries.swift in Sources */,
				EA73761E25321D2E00FE0740 /* Results.swift in Sources */,
				EA73761D25321D2E00FE0740 /* Dates.swift in Sources */,
				EA70DA8F252EFFD8007668EA /* MovieSliderView.swift in Sources */,
				EA73E3B5252D0921000D5A28 /* UIViewController+Extensions.swift in Sources */,
			);
			runOnlyForDeploymentPostprocessing = 0;
		};
		EA91FE4D252D07E3009249A6 /* Sources */ = {
			isa = PBXSourcesBuildPhase;
			buildActionMask = 2147483647;
			files = (
				EA91FE56252D07E3009249A6 /* CaseTests.swift in Sources */,
			);
			runOnlyForDeploymentPostprocessing = 0;
		};
		EA91FE58252D07E3009249A6 /* Sources */ = {
			isa = PBXSourcesBuildPhase;
			buildActionMask = 2147483647;
			files = (
				EA91FE61252D07E3009249A6 /* CaseUITests.swift in Sources */,
			);
			runOnlyForDeploymentPostprocessing = 0;
		};
/* End PBXSourcesBuildPhase section */

/* Begin PBXTargetDependency section */
		EA91FE53252D07E3009249A6 /* PBXTargetDependency */ = {
			isa = PBXTargetDependency;
			target = EA91FE3A252D07E1009249A6 /* Case */;
			targetProxy = EA91FE52252D07E3009249A6 /* PBXContainerItemProxy */;
		};
		EA91FE5E252D07E3009249A6 /* PBXTargetDependency */ = {
			isa = PBXTargetDependency;
			target = EA91FE3A252D07E1009249A6 /* Case */;
			targetProxy = EA91FE5D252D07E3009249A6 /* PBXContainerItemProxy */;
		};
/* End PBXTargetDependency section */

/* Begin XCBuildConfiguration section */
		EA91FE63252D07E3009249A6 /* Debug */ = {
			isa = XCBuildConfiguration;
			buildSettings = {
				ALWAYS_SEARCH_USER_PATHS = NO;
				CLANG_ANALYZER_NONNULL = YES;
				CLANG_ANALYZER_NUMBER_OBJECT_CONVERSION = YES_AGGRESSIVE;
				CLANG_CXX_LANGUAGE_STANDARD = "gnu++14";
				CLANG_CXX_LIBRARY = "libc++";
				CLANG_ENABLE_MODULES = YES;
				CLANG_ENABLE_OBJC_ARC = YES;
				CLANG_ENABLE_OBJC_WEAK = YES;
				CLANG_WARN_BLOCK_CAPTURE_AUTORELEASING = YES;
				CLANG_WARN_BOOL_CONVERSION = YES;
				CLANG_WARN_COMMA = YES;
				CLANG_WARN_CONSTANT_CONVERSION = YES;
				CLANG_WARN_DEPRECATED_OBJC_IMPLEMENTATIONS = YES;
				CLANG_WARN_DIRECT_OBJC_ISA_USAGE = YES_ERROR;
				CLANG_WARN_DOCUMENTATION_COMMENTS = YES;
				CLANG_WARN_EMPTY_BODY = YES;
				CLANG_WARN_ENUM_CONVERSION = YES;
				CLANG_WARN_INFINITE_RECURSION = YES;
				CLANG_WARN_INT_CONVERSION = YES;
				CLANG_WARN_NON_LITERAL_NULL_CONVERSION = YES;
				CLANG_WARN_OBJC_IMPLICIT_RETAIN_SELF = YES;
				CLANG_WARN_OBJC_LITERAL_CONVERSION = YES;
				CLANG_WARN_OBJC_ROOT_CLASS = YES_ERROR;
				CLANG_WARN_QUOTED_INCLUDE_IN_FRAMEWORK_HEADER = YES;
				CLANG_WARN_RANGE_LOOP_ANALYSIS = YES;
				CLANG_WARN_STRICT_PROTOTYPES = YES;
				CLANG_WARN_SUSPICIOUS_MOVE = YES;
				CLANG_WARN_UNGUARDED_AVAILABILITY = YES_AGGRESSIVE;
				CLANG_WARN_UNREACHABLE_CODE = YES;
				CLANG_WARN__DUPLICATE_METHOD_MATCH = YES;
				COPY_PHASE_STRIP = NO;
				DEBUG_INFORMATION_FORMAT = dwarf;
				ENABLE_STRICT_OBJC_MSGSEND = YES;
				ENABLE_TESTABILITY = YES;
				GCC_C_LANGUAGE_STANDARD = gnu11;
				GCC_DYNAMIC_NO_PIC = NO;
				GCC_NO_COMMON_BLOCKS = YES;
				GCC_OPTIMIZATION_LEVEL = 0;
				GCC_PREPROCESSOR_DEFINITIONS = (
					"DEBUG=1",
					"$(inherited)",
				);
				GCC_WARN_64_TO_32_BIT_CONVERSION = YES;
				GCC_WARN_ABOUT_RETURN_TYPE = YES_ERROR;
				GCC_WARN_UNDECLARED_SELECTOR = YES;
				GCC_WARN_UNINITIALIZED_AUTOS = YES_AGGRESSIVE;
				GCC_WARN_UNUSED_FUNCTION = YES;
				GCC_WARN_UNUSED_VARIABLE = YES;
				IPHONEOS_DEPLOYMENT_TARGET = 14.0;
				MTL_ENABLE_DEBUG_INFO = INCLUDE_SOURCE;
				MTL_FAST_MATH = YES;
				ONLY_ACTIVE_ARCH = YES;
				SDKROOT = iphoneos;
				SWIFT_ACTIVE_COMPILATION_CONDITIONS = DEBUG;
				SWIFT_OPTIMIZATION_LEVEL = "-Onone";
			};
			name = Debug;
		};
		EA91FE64252D07E3009249A6 /* Release */ = {
			isa = XCBuildConfiguration;
			buildSettings = {
				ALWAYS_SEARCH_USER_PATHS = NO;
				CLANG_ANALYZER_NONNULL = YES;
				CLANG_ANALYZER_NUMBER_OBJECT_CONVERSION = YES_AGGRESSIVE;
				CLANG_CXX_LANGUAGE_STANDARD = "gnu++14";
				CLANG_CXX_LIBRARY = "libc++";
				CLANG_ENABLE_MODULES = YES;
				CLANG_ENABLE_OBJC_ARC = YES;
				CLANG_ENABLE_OBJC_WEAK = YES;
				CLANG_WARN_BLOCK_CAPTURE_AUTORELEASING = YES;
				CLANG_WARN_BOOL_CONVERSION = YES;
				CLANG_WARN_COMMA = YES;
				CLANG_WARN_CONSTANT_CONVERSION = YES;
				CLANG_WARN_DEPRECATED_OBJC_IMPLEMENTATIONS = YES;
				CLANG_WARN_DIRECT_OBJC_ISA_USAGE = YES_ERROR;
				CLANG_WARN_DOCUMENTATION_COMMENTS = YES;
				CLANG_WARN_EMPTY_BODY = YES;
				CLANG_WARN_ENUM_CONVERSION = YES;
				CLANG_WARN_INFINITE_RECURSION = YES;
				CLANG_WARN_INT_CONVERSION = YES;
				CLANG_WARN_NON_LITERAL_NULL_CONVERSION = YES;
				CLANG_WARN_OBJC_IMPLICIT_RETAIN_SELF = YES;
				CLANG_WARN_OBJC_LITERAL_CONVERSION = YES;
				CLANG_WARN_OBJC_ROOT_CLASS = YES_ERROR;
				CLANG_WARN_QUOTED_INCLUDE_IN_FRAMEWORK_HEADER = YES;
				CLANG_WARN_RANGE_LOOP_ANALYSIS = YES;
				CLANG_WARN_STRICT_PROTOTYPES = YES;
				CLANG_WARN_SUSPICIOUS_MOVE = YES;
				CLANG_WARN_UNGUARDED_AVAILABILITY = YES_AGGRESSIVE;
				CLANG_WARN_UNREACHABLE_CODE = YES;
				CLANG_WARN__DUPLICATE_METHOD_MATCH = YES;
				COPY_PHASE_STRIP = NO;
				DEBUG_INFORMATION_FORMAT = "dwarf-with-dsym";
				ENABLE_NS_ASSERTIONS = NO;
				ENABLE_STRICT_OBJC_MSGSEND = YES;
				GCC_C_LANGUAGE_STANDARD = gnu11;
				GCC_NO_COMMON_BLOCKS = YES;
				GCC_WARN_64_TO_32_BIT_CONVERSION = YES;
				GCC_WARN_ABOUT_RETURN_TYPE = YES_ERROR;
				GCC_WARN_UNDECLARED_SELECTOR = YES;
				GCC_WARN_UNINITIALIZED_AUTOS = YES_AGGRESSIVE;
				GCC_WARN_UNUSED_FUNCTION = YES;
				GCC_WARN_UNUSED_VARIABLE = YES;
				IPHONEOS_DEPLOYMENT_TARGET = 14.0;
				MTL_ENABLE_DEBUG_INFO = NO;
				MTL_FAST_MATH = YES;
				SDKROOT = iphoneos;
				SWIFT_COMPILATION_MODE = wholemodule;
				SWIFT_OPTIMIZATION_LEVEL = "-O";
				VALIDATE_PRODUCT = YES;
			};
			name = Release;
		};
		EA91FE66252D07E4009249A6 /* Debug */ = {
			isa = XCBuildConfiguration;
			baseConfigurationReference = 2786C81D2CA71C11ADE26BE8 /* Pods-Case.debug.xcconfig */;
			buildSettings = {
				ASSETCATALOG_COMPILER_APPICON_NAME = AppIcon;
				ASSETCATALOG_COMPILER_GLOBAL_ACCENT_COLOR_NAME = AccentColor;
				CODE_SIGN_STYLE = Automatic;
				DEVELOPMENT_TEAM = UWB8G3K7AK;
				INFOPLIST_FILE = Case/App/Info.plist;
				LD_RUNPATH_SEARCH_PATHS = (
					"$(inherited)",
					"@executable_path/Frameworks",
				);
				PRODUCT_BUNDLE_IDENTIFIER = com.asilturk.Case;
				PRODUCT_NAME = "$(TARGET_NAME)";
				SWIFT_VERSION = 5.0;
				TARGETED_DEVICE_FAMILY = "1,2";
			};
			name = Debug;
		};
		EA91FE67252D07E4009249A6 /* Release */ = {
			isa = XCBuildConfiguration;
			baseConfigurationReference = F3713ACA19B2EC400DB8C3F4 /* Pods-Case.release.xcconfig */;
			buildSettings = {
				ASSETCATALOG_COMPILER_APPICON_NAME = AppIcon;
				ASSETCATALOG_COMPILER_GLOBAL_ACCENT_COLOR_NAME = AccentColor;
				CODE_SIGN_STYLE = Automatic;
				DEVELOPMENT_TEAM = UWB8G3K7AK;
				INFOPLIST_FILE = Case/App/Info.plist;
				LD_RUNPATH_SEARCH_PATHS = (
					"$(inherited)",
					"@executable_path/Frameworks",
				);
				PRODUCT_BUNDLE_IDENTIFIER = com.asilturk.Case;
				PRODUCT_NAME = "$(TARGET_NAME)";
				SWIFT_VERSION = 5.0;
				TARGETED_DEVICE_FAMILY = "1,2";
			};
			name = Release;
		};
		EA91FE69252D07E4009249A6 /* Debug */ = {
			isa = XCBuildConfiguration;
			baseConfigurationReference = FDC1194C7CEEF8736C05E7F6 /* Pods-CaseTests.debug.xcconfig */;
			buildSettings = {
				ALWAYS_EMBED_SWIFT_STANDARD_LIBRARIES = YES;
				BUNDLE_LOADER = "$(TEST_HOST)";
				CODE_SIGN_STYLE = Automatic;
				DEVELOPMENT_TEAM = UWB8G3K7AK;
				INFOPLIST_FILE = CaseTests/Info.plist;
				IPHONEOS_DEPLOYMENT_TARGET = 14.0;
				LD_RUNPATH_SEARCH_PATHS = (
					"$(inherited)",
					"@executable_path/Frameworks",
					"@loader_path/Frameworks",
				);
				PRODUCT_BUNDLE_IDENTIFIER = com.asilturk.CaseTests;
				PRODUCT_NAME = "$(TARGET_NAME)";
				SWIFT_VERSION = 5.0;
				TARGETED_DEVICE_FAMILY = "1,2";
				TEST_HOST = "$(BUILT_PRODUCTS_DIR)/Case.app/Case";
			};
			name = Debug;
		};
		EA91FE6A252D07E4009249A6 /* Release */ = {
			isa = XCBuildConfiguration;
			baseConfigurationReference = EBF072DE840D5D9E18696BCA /* Pods-CaseTests.release.xcconfig */;
			buildSettings = {
				ALWAYS_EMBED_SWIFT_STANDARD_LIBRARIES = YES;
				BUNDLE_LOADER = "$(TEST_HOST)";
				CODE_SIGN_STYLE = Automatic;
				DEVELOPMENT_TEAM = UWB8G3K7AK;
				INFOPLIST_FILE = CaseTests/Info.plist;
				IPHONEOS_DEPLOYMENT_TARGET = 14.0;
				LD_RUNPATH_SEARCH_PATHS = (
					"$(inherited)",
					"@executable_path/Frameworks",
					"@loader_path/Frameworks",
				);
				PRODUCT_BUNDLE_IDENTIFIER = com.asilturk.CaseTests;
				PRODUCT_NAME = "$(TARGET_NAME)";
				SWIFT_VERSION = 5.0;
				TARGETED_DEVICE_FAMILY = "1,2";
				TEST_HOST = "$(BUILT_PRODUCTS_DIR)/Case.app/Case";
			};
			name = Release;
		};
		EA91FE6C252D07E4009249A6 /* Debug */ = {
			isa = XCBuildConfiguration;
			baseConfigurationReference = 11AFF208938EB84459A6DE8D /* Pods-Case-CaseUITests.debug.xcconfig */;
			buildSettings = {
				ALWAYS_EMBED_SWIFT_STANDARD_LIBRARIES = YES;
				CODE_SIGN_STYLE = Automatic;
				DEVELOPMENT_TEAM = UWB8G3K7AK;
				INFOPLIST_FILE = CaseUITests/Info.plist;
				LD_RUNPATH_SEARCH_PATHS = (
					"$(inherited)",
					"@executable_path/Frameworks",
					"@loader_path/Frameworks",
				);
				PRODUCT_BUNDLE_IDENTIFIER = com.asilturk.CaseUITests;
				PRODUCT_NAME = "$(TARGET_NAME)";
				SWIFT_VERSION = 5.0;
				TARGETED_DEVICE_FAMILY = "1,2";
				TEST_TARGET_NAME = Case;
			};
			name = Debug;
		};
		EA91FE6D252D07E4009249A6 /* Release */ = {
			isa = XCBuildConfiguration;
			baseConfigurationReference = 36CE58CF0AC20038DC0EADE3 /* Pods-Case-CaseUITests.release.xcconfig */;
			buildSettings = {
				ALWAYS_EMBED_SWIFT_STANDARD_LIBRARIES = YES;
				CODE_SIGN_STYLE = Automatic;
				DEVELOPMENT_TEAM = UWB8G3K7AK;
				INFOPLIST_FILE = CaseUITests/Info.plist;
				LD_RUNPATH_SEARCH_PATHS = (
					"$(inherited)",
					"@executable_path/Frameworks",
					"@loader_path/Frameworks",
				);
				PRODUCT_BUNDLE_IDENTIFIER = com.asilturk.CaseUITests;
				PRODUCT_NAME = "$(TARGET_NAME)";
				SWIFT_VERSION = 5.0;
				TARGETED_DEVICE_FAMILY = "1,2";
				TEST_TARGET_NAME = Case;
			};
			name = Release;
		};
/* End XCBuildConfiguration section */

/* Begin XCConfigurationList section */
		EA91FE36252D07E1009249A6 /* Build configuration list for PBXProject "Case" */ = {
			isa = XCConfigurationList;
			buildConfigurations = (
				EA91FE63252D07E3009249A6 /* Debug */,
				EA91FE64252D07E3009249A6 /* Release */,
			);
			defaultConfigurationIsVisible = 0;
			defaultConfigurationName = Release;
		};
		EA91FE65252D07E4009249A6 /* Build configuration list for PBXNativeTarget "Case" */ = {
			isa = XCConfigurationList;
			buildConfigurations = (
				EA91FE66252D07E4009249A6 /* Debug */,
				EA91FE67252D07E4009249A6 /* Release */,
			);
			defaultConfigurationIsVisible = 0;
			defaultConfigurationName = Release;
		};
		EA91FE68252D07E4009249A6 /* Build configuration list for PBXNativeTarget "CaseTests" */ = {
			isa = XCConfigurationList;
			buildConfigurations = (
				EA91FE69252D07E4009249A6 /* Debug */,
				EA91FE6A252D07E4009249A6 /* Release */,
			);
			defaultConfigurationIsVisible = 0;
			defaultConfigurationName = Release;
		};
		EA91FE6B252D07E4009249A6 /* Build configuration list for PBXNativeTarget "CaseUITests" */ = {
			isa = XCConfigurationList;
			buildConfigurations = (
				EA91FE6C252D07E4009249A6 /* Debug */,
				EA91FE6D252D07E4009249A6 /* Release */,
			);
			defaultConfigurationIsVisible = 0;
			defaultConfigurationName = Release;
		};
/* End XCConfigurationList section */
	};
	rootObject = EA91FE33252D07E1009249A6 /* Project object */;
}
